// !$*UTF8*$!
{
	archiveVersion = 1;
	classes = {
	};
	objectVersion = 48;
	objects = {

/* Begin PBXBuildFile section */
		19686683618B9AE503726842 /* Pods_Video_Player.framework in Frameworks */ = {isa = PBXBuildFile; fileRef = 9F8308ECC0D6D3973F2A06B4 /* Pods_Video_Player.framework */; };
		876A31462011B8DB00FD6231 /* AppDelegate.swift in Sources */ = {isa = PBXBuildFile; fileRef = 876A31452011B8DB00FD6231 /* AppDelegate.swift */; };
		876A31482011B8DB00FD6231 /* ViewController.swift in Sources */ = {isa = PBXBuildFile; fileRef = 876A31472011B8DB00FD6231 /* ViewController.swift */; };
		876A314D2011B8DB00FD6231 /* Assets.xcassets in Resources */ = {isa = PBXBuildFile; fileRef = 876A314C2011B8DB00FD6231 /* Assets.xcassets */; };
		876A31502011B8DB00FD6231 /* LaunchScreen.storyboard in Resources */ = {isa = PBXBuildFile; fileRef = 876A314E2011B8DB00FD6231 /* LaunchScreen.storyboard */; };
		8786D5B02011F74C00D72495 /* Localizable.strings in Resources */ = {isa = PBXBuildFile; fileRef = 8786D5B22011F74C00D72495 /* Localizable.strings */; };
		8786D5B52011F74F00D72495 /* InfoPlist.strings in Resources */ = {isa = PBXBuildFile; fileRef = 8786D5B72011F74F00D72495 /* InfoPlist.strings */; };
/* End PBXBuildFile section */

/* Begin PBXFileReference section */
		876A31422011B8DB00FD6231 /* Video_Player.app */ = {isa = PBXFileReference; explicitFileType = wrapper.application; includeInIndex = 0; path = Video_Player.app; sourceTree = BUILT_PRODUCTS_DIR; };
		876A31452011B8DB00FD6231 /* AppDelegate.swift */ = {isa = PBXFileReference; lastKnownFileType = sourcecode.swift; path = AppDelegate.swift; sourceTree = "<group>"; };
		876A31472011B8DB00FD6231 /* ViewController.swift */ = {isa = PBXFileReference; lastKnownFileType = sourcecode.swift; path = ViewController.swift; sourceTree = "<group>"; };
		876A314C2011B8DB00FD6231 /* Assets.xcassets */ = {isa = PBXFileReference; lastKnownFileType = folder.assetcatalog; path = Assets.xcassets; sourceTree = "<group>"; };
		876A314F2011B8DB00FD6231 /* Base */ = {isa = PBXFileReference; lastKnownFileType = file.storyboard; name = Base; path = Base.lproj/LaunchScreen.storyboard; sourceTree = "<group>"; };
		876A31512011B8DB00FD6231 /* Info.plist */ = {isa = PBXFileReference; lastKnownFileType = text.plist.xml; path = Info.plist; sourceTree = "<group>"; };
		8786D5AD2011F6E300D72495 /* zh-Hant */ = {isa = PBXFileReference; lastKnownFileType = text.plist.strings; name = "zh-Hant"; path = "zh-Hant.lproj/LaunchScreen.strings"; sourceTree = "<group>"; };
		8786D5B12011F74C00D72495 /* zh-Hant */ = {isa = PBXFileReference; lastKnownFileType = text.plist.strings; name = "zh-Hant"; path = "zh-Hant.lproj/Localizable.strings"; sourceTree = "<group>"; };
		8786D5B62011F74F00D72495 /* zh-Hant */ = {isa = PBXFileReference; lastKnownFileType = text.plist.strings; name = "zh-Hant"; path = "zh-Hant.lproj/InfoPlist.strings"; sourceTree = "<group>"; };
		8A475646EC9CB27BA071D881 /* Pods-Video_Player.release.xcconfig */ = {isa = PBXFileReference; includeInIndex = 1; lastKnownFileType = text.xcconfig; name = "Pods-Video_Player.release.xcconfig"; path = "Pods/Target Support Files/Pods-Video_Player/Pods-Video_Player.release.xcconfig"; sourceTree = "<group>"; };
		9F8308ECC0D6D3973F2A06B4 /* Pods_Video_Player.framework */ = {isa = PBXFileReference; explicitFileType = wrapper.framework; includeInIndex = 0; path = Pods_Video_Player.framework; sourceTree = BUILT_PRODUCTS_DIR; };
		AEBFC9BB1F3DCC181D148961 /* Pods-Video_Player.debug.xcconfig */ = {isa = PBXFileReference; includeInIndex = 1; lastKnownFileType = text.xcconfig; name = "Pods-Video_Player.debug.xcconfig"; path = "Pods/Target Support Files/Pods-Video_Player/Pods-Video_Player.debug.xcconfig"; sourceTree = "<group>"; };
/* End PBXFileReference section */

/* Begin PBXFrameworksBuildPhase section */
		876A313F2011B8DA00FD6231 /* Frameworks */ = {
			isa = PBXFrameworksBuildPhase;
			buildActionMask = 2147483647;
			files = (
				19686683618B9AE503726842 /* Pods_Video_Player.framework in Frameworks */,
			);
			runOnlyForDeploymentPostprocessing = 0;
		};
/* End PBXFrameworksBuildPhase section */

/* Begin PBXGroup section */
		876A31392011B8DA00FD6231 = {
			isa = PBXGroup;
			children = (
				876A31442011B8DB00FD6231 /* Video_Player */,
				876A31432011B8DB00FD6231 /* Products */,
				B8E4AF76C9781AB642E4F6F4 /* Pods */,
				C365CFA66FB2600ADC360AC6 /* Frameworks */,
			);
			sourceTree = "<group>";
		};
		876A31432011B8DB00FD6231 /* Products */ = {
			isa = PBXGroup;
			children = (
				876A31422011B8DB00FD6231 /* Video_Player.app */,
			);
			name = Products;
			sourceTree = "<group>";
		};
		876A31442011B8DB00FD6231 /* Video_Player */ = {
			isa = PBXGroup;
			children = (
				8786D5B72011F74F00D72495 /* InfoPlist.strings */,
				8786D5B22011F74C00D72495 /* Localizable.strings */,
				876A31452011B8DB00FD6231 /* AppDelegate.swift */,
				876A31472011B8DB00FD6231 /* ViewController.swift */,
				876A314C2011B8DB00FD6231 /* Assets.xcassets */,
				876A314E2011B8DB00FD6231 /* LaunchScreen.storyboard */,
				876A31512011B8DB00FD6231 /* Info.plist */,
			);
			path = Video_Player;
			sourceTree = "<group>";
		};
		B8E4AF76C9781AB642E4F6F4 /* Pods */ = {
			isa = PBXGroup;
			children = (
				AEBFC9BB1F3DCC181D148961 /* Pods-Video_Player.debug.xcconfig */,
				8A475646EC9CB27BA071D881 /* Pods-Video_Player.release.xcconfig */,
			);
			name = Pods;
			sourceTree = "<group>";
		};
		C365CFA66FB2600ADC360AC6 /* Frameworks */ = {
			isa = PBXGroup;
			children = (
				9F8308ECC0D6D3973F2A06B4 /* Pods_Video_Player.framework */,
			);
			name = Frameworks;
			sourceTree = "<group>";
		};
/* End PBXGroup section */

/* Begin PBXNativeTarget section */
		876A31412011B8DA00FD6231 /* Video_Player */ = {
			isa = PBXNativeTarget;
			buildConfigurationList = 876A31542011B8DB00FD6231 /* Build configuration list for PBXNativeTarget "Video_Player" */;
			buildPhases = (
				DD799EA00D40AE66000C2122 /* [CP] Check Pods Manifest.lock */,
				876A313E2011B8DA00FD6231 /* Sources */,
				876A313F2011B8DA00FD6231 /* Frameworks */,
				876A31402011B8DA00FD6231 /* Resources */,
				876A31572011BA7000FD6231 /* ShellScript */,
				B2B898F8625CB1159FDB4C23 /* [CP] Embed Pods Frameworks */,
				88561883C916704B28A0001A /* [CP] Copy Pods Resources */,
			);
			buildRules = (
			);
			dependencies = (
			);
			name = Video_Player;
			productName = Video_Player;
			productReference = 876A31422011B8DB00FD6231 /* Video_Player.app */;
			productType = "com.apple.product-type.application";
		};
/* End PBXNativeTarget section */

/* Begin PBXProject section */
		876A313A2011B8DA00FD6231 /* Project object */ = {
			isa = PBXProject;
			attributes = {
				LastSwiftUpdateCheck = 0920;
				LastUpgradeCheck = 0920;
				ORGANIZATIONNAME = "Hsiao Ai LEE";
				TargetAttributes = {
					876A31412011B8DA00FD6231 = {
						CreatedOnToolsVersion = 9.2;
						ProvisioningStyle = Automatic;
					};
				};
			};
			buildConfigurationList = 876A313D2011B8DA00FD6231 /* Build configuration list for PBXProject "Video_Player" */;
			compatibilityVersion = "Xcode 8.0";
			developmentRegion = en;
			hasScannedForEncodings = 0;
			knownRegions = (
				en,
				Base,
			);
			mainGroup = 876A31392011B8DA00FD6231;
			productRefGroup = 876A31432011B8DB00FD6231 /* Products */;
			projectDirPath = "";
			projectRoot = "";
			targets = (
				876A31412011B8DA00FD6231 /* Video_Player */,
			);
		};
/* End PBXProject section */

/* Begin PBXResourcesBuildPhase section */
		876A31402011B8DA00FD6231 /* Resources */ = {
			isa = PBXResourcesBuildPhase;
			buildActionMask = 2147483647;
			files = (
				876A31502011B8DB00FD6231 /* LaunchScreen.storyboard in Resources */,
				8786D5B52011F74F00D72495 /* InfoPlist.strings in Resources */,
				8786D5B02011F74C00D72495 /* Localizable.strings in Resources */,
				876A314D2011B8DB00FD6231 /* Assets.xcassets in Resources */,
			);
			runOnlyForDeploymentPostprocessing = 0;
		};
/* End PBXResourcesBuildPhase section */

/* Begin PBXShellScriptBuildPhase section */
		876A31572011BA7000FD6231 /* ShellScript */ = {
			isa = PBXShellScriptBuildPhase;
			buildActionMask = 2147483647;
			files = (
			);
			inputPaths = (
			);
			outputPaths = (
			);
			runOnlyForDeploymentPostprocessing = 0;
			shellPath = /bin/sh;
			shellScript = "if which swiftlint >/dev/null; then\nswiftlint\nelse\necho \"warning: SwiftLint not installed, download from https://github.com/realm/SwiftLint\"\nfi";
		};
		88561883C916704B28A0001A /* [CP] Copy Pods Resources */ = {
			isa = PBXShellScriptBuildPhase;
			buildActionMask = 2147483647;
			files = (
			);
			inputPaths = (
			);
			name = "[CP] Copy Pods Resources";
			outputPaths = (
			);
			runOnlyForDeploymentPostprocessing = 0;
			shellPath = /bin/sh;
			shellScript = "\"${SRCROOT}/Pods/Target Support Files/Pods-Video_Player/Pods-Video_Player-resources.sh\"\n";
			showEnvVarsInLog = 0;
		};
		B2B898F8625CB1159FDB4C23 /* [CP] Embed Pods Frameworks */ = {
			isa = PBXShellScriptBuildPhase;
			buildActionMask = 2147483647;
			files = (
			);
			inputPaths = (
				"${SRCROOT}/Pods/Target Support Files/Pods-Video_Player/Pods-Video_Player-frameworks.sh",
				"${BUILT_PRODUCTS_DIR}/IQKeyboardManagerSwift/IQKeyboardManagerSwift.framework",
				"${BUILT_PRODUCTS_DIR}/SCLAlertView/SCLAlertView.framework",
			);
			name = "[CP] Embed Pods Frameworks";
			outputPaths = (
				"${TARGET_BUILD_DIR}/${FRAMEWORKS_FOLDER_PATH}/IQKeyboardManagerSwift.framework",
				"${TARGET_BUILD_DIR}/${FRAMEWORKS_FOLDER_PATH}/SCLAlertView.framework",
			);
			runOnlyForDeploymentPostprocessing = 0;
			shellPath = /bin/sh;
			shellScript = "\"${SRCROOT}/Pods/Target Support Files/Pods-Video_Player/Pods-Video_Player-frameworks.sh\"\n";
			showEnvVarsInLog = 0;
		};
		DD799EA00D40AE66000C2122 /* [CP] Check Pods Manifest.lock */ = {
			isa = PBXShellScriptBuildPhase;
			buildActionMask = 2147483647;
			files = (
			);
			inputPaths = (
				"${PODS_PODFILE_DIR_PATH}/Podfile.lock",
				"${PODS_ROOT}/Manifest.lock",
			);
			name = "[CP] Check Pods Manifest.lock";
			outputPaths = (
				"$(DERIVED_FILE_DIR)/Pods-Video_Player-checkManifestLockResult.txt",
			);
			runOnlyForDeploymentPostprocessing = 0;
			shellPath = /bin/sh;
			shellScript = "diff \"${PODS_PODFILE_DIR_PATH}/Podfile.lock\" \"${PODS_ROOT}/Manifest.lock\" > /dev/null\nif [ $? != 0 ] ; then\n    # print error to STDERR\n    echo \"error: The sandbox is not in sync with the Podfile.lock. Run 'pod install' or update your CocoaPods installation.\" >&2\n    exit 1\nfi\n# This output is used by Xcode 'outputs' to avoid re-running this script phase.\necho \"SUCCESS\" > \"${SCRIPT_OUTPUT_FILE_0}\"\n";
			showEnvVarsInLog = 0;
		};
/* End PBXShellScriptBuildPhase section */

/* Begin PBXSourcesBuildPhase section */
		876A313E2011B8DA00FD6231 /* Sources */ = {
			isa = PBXSourcesBuildPhase;
			buildActionMask = 2147483647;
			files = (
				876A31482011B8DB00FD6231 /* ViewController.swift in Sources */,
				876A31462011B8DB00FD6231 /* AppDelegate.swift in Sources */,
			);
			runOnlyForDeploymentPostprocessing = 0;
		};
/* End PBXSourcesBuildPhase section */

/* Begin PBXVariantGroup section */
		876A314E2011B8DB00FD6231 /* LaunchScreen.storyboard */ = {
			isa = PBXVariantGroup;
			children = (
				876A314F2011B8DB00FD6231 /* Base */,
				8786D5AD2011F6E300D72495 /* zh-Hant */,
			);
			name = LaunchScreen.storyboard;
			sourceTree = "<group>";
		};
		8786D5B22011F74C00D72495 /* Localizable.strings */ = {
			isa = PBXVariantGroup;
			children = (
				8786D5B12011F74C00D72495 /* zh-Hant */,
			);
			name = Localizable.strings;
			sourceTree = "<group>";
		};
		8786D5B72011F74F00D72495 /* InfoPlist.strings */ = {
			isa = PBXVariantGroup;
			children = (
				8786D5B62011F74F00D72495 /* zh-Hant */,
			);
			name = InfoPlist.strings;
			sourceTree = "<group>";
		};
/* End PBXVariantGroup section */

/* Begin XCBuildConfiguration section */
		876A31522011B8DB00FD6231 /* Debug */ = {
			isa = XCBuildConfiguration;
			buildSettings = {
				ALWAYS_SEARCH_USER_PATHS = NO;
				CLANG_ANALYZER_LOCALIZABILITY_NONLOCALIZED = YES;
				CLANG_ANALYZER_NONNULL = YES;
				CLANG_ANALYZER_NUMBER_OBJECT_CONVERSION = YES_AGGRESSIVE;
				CLANG_CXX_LANGUAGE_STANDARD = "gnu++14";
				CLANG_CXX_LIBRARY = "libc++";
				CLANG_ENABLE_MODULES = YES;
				CLANG_ENABLE_OBJC_ARC = YES;
				CLANG_WARN_BLOCK_CAPTURE_AUTORELEASING = YES;
				CLANG_WARN_BOOL_CONVERSION = YES;
				CLANG_WARN_COMMA = YES;
				CLANG_WARN_CONSTANT_CONVERSION = YES;
				CLANG_WARN_DIRECT_OBJC_ISA_USAGE = YES_ERROR;
				CLANG_WARN_DOCUMENTATION_COMMENTS = YES;
				CLANG_WARN_EMPTY_BODY = YES;
				CLANG_WARN_ENUM_CONVERSION = YES;
				CLANG_WARN_INFINITE_RECURSION = YES;
				CLANG_WARN_INT_CONVERSION = YES;
				CLANG_WARN_NON_LITERAL_NULL_CONVERSION = YES;
				CLANG_WARN_OBJC_LITERAL_CONVERSION = YES;
				CLANG_WARN_OBJC_ROOT_CLASS = YES_ERROR;
				CLANG_WARN_RANGE_LOOP_ANALYSIS = YES;
				CLANG_WARN_STRICT_PROTOTYPES = YES;
				CLANG_WARN_SUSPICIOUS_MOVE = YES;
				CLANG_WARN_UNGUARDED_AVAILABILITY = YES_AGGRESSIVE;
				CLANG_WARN_UNREACHABLE_CODE = YES;
				CLANG_WARN__DUPLICATE_METHOD_MATCH = YES;
				CODE_SIGN_IDENTITY = "iPhone Developer";
				COPY_PHASE_STRIP = NO;
				DEBUG_INFORMATION_FORMAT = dwarf;
				ENABLE_STRICT_OBJC_MSGSEND = YES;
				ENABLE_TESTABILITY = YES;
				GCC_C_LANGUAGE_STANDARD = gnu11;
				GCC_DYNAMIC_NO_PIC = NO;
				GCC_NO_COMMON_BLOCKS = YES;
				GCC_OPTIMIZATION_LEVEL = 0;
				GCC_PREPROCESSOR_DEFINITIONS = (
					"DEBUG=1",
					"$(inherited)",
				);
				GCC_WARN_64_TO_32_BIT_CONVERSION = YES;
				GCC_WARN_ABOUT_RETURN_TYPE = YES_ERROR;
				GCC_WARN_UNDECLARED_SELECTOR = YES;
				GCC_WARN_UNINITIALIZED_AUTOS = YES_AGGRESSIVE;
				GCC_WARN_UNUSED_FUNCTION = YES;
				GCC_WARN_UNUSED_VARIABLE = YES;
				IPHONEOS_DEPLOYMENT_TARGET = 11.2;
				MTL_ENABLE_DEBUG_INFO = YES;
				ONLY_ACTIVE_ARCH = YES;
				SDKROOT = iphoneos;
				SWIFT_ACTIVE_COMPILATION_CONDITIONS = DEBUG;
				SWIFT_OPTIMIZATION_LEVEL = "-Onone";
			};
			name = Debug;
		};
		876A31532011B8DB00FD6231 /* Release */ = {
			isa = XCBuildConfiguration;
			buildSettings = {
				ALWAYS_SEARCH_USER_PATHS = NO;
				CLANG_ANALYZER_LOCALIZABILITY_NONLOCALIZED = YES;
				CLANG_ANALYZER_NONNULL = YES;
				CLANG_ANALYZER_NUMBER_OBJECT_CONVERSION = YES_AGGRESSIVE;
				CLANG_CXX_LANGUAGE_STANDARD = "gnu++14";
				CLANG_CXX_LIBRARY = "libc++";
				CLANG_ENABLE_MODULES = YES;
				CLANG_ENABLE_OBJC_ARC = YES;
				CLANG_WARN_BLOCK_CAPTURE_AUTORELEASING = YES;
				CLANG_WARN_BOOL_CONVERSION = YES;
				CLANG_WARN_COMMA = YES;
				CLANG_WARN_CONSTANT_CONVERSION = YES;
				CLANG_WARN_DIRECT_OBJC_ISA_USAGE = YES_ERROR;
				CLANG_WARN_DOCUMENTATION_COMMENTS = YES;
				CLANG_WARN_EMPTY_BODY = YES;
				CLANG_WARN_ENUM_CONVERSION = YES;
				CLANG_WARN_INFINITE_RECURSION = YES;
				CLANG_WARN_INT_CONVERSION = YES;
				CLANG_WARN_NON_LITERAL_NULL_CONVERSION = YES;
				CLANG_WARN_OBJC_LITERAL_CONVERSION = YES;
				CLANG_WARN_OBJC_ROOT_CLASS = YES_ERROR;
				CLANG_WARN_RANGE_LOOP_ANALYSIS = YES;
				CLANG_WARN_STRICT_PROTOTYPES = YES;
				CLANG_WARN_SUSPICIOUS_MOVE = YES;
				CLANG_WARN_UNGUARDED_AVAILABILITY = YES_AGGRESSIVE;
				CLANG_WARN_UNREACHABLE_CODE = YES;
				CLANG_WARN__DUPLICATE_METHOD_MATCH = YES;
				CODE_SIGN_IDENTITY = "iPhone Developer";
				COPY_PHASE_STRIP = NO;
				DEBUG_INFORMATION_FORMAT = "dwarf-with-dsym";
				ENABLE_NS_ASSERTIONS = NO;
				ENABLE_STRICT_OBJC_MSGSEND = YES;
				GCC_C_LANGUAGE_STANDARD = gnu11;
				GCC_NO_COMMON_BLOCKS = YES;
				GCC_WARN_64_TO_32_BIT_CONVERSION = YES;
				GCC_WARN_ABOUT_RETURN_TYPE = YES_ERROR;
				GCC_WARN_UNDECLARED_SELECTOR = YES;
				GCC_WARN_UNINITIALIZED_AUTOS = YES_AGGRESSIVE;
				GCC_WARN_UNUSED_FUNCTION = YES;
				GCC_WARN_UNUSED_VARIABLE = YES;
				IPHONEOS_DEPLOYMENT_TARGET = 11.2;
				MTL_ENABLE_DEBUG_INFO = NO;
				SDKROOT = iphoneos;
				SWIFT_OPTIMIZATION_LEVEL = "-Owholemodule";
				VALIDATE_PRODUCT = YES;
			};
			name = Release;
		};
		876A31552011B8DB00FD6231 /* Debug */ = {
			isa = XCBuildConfiguration;
			baseConfigurationReference = AEBFC9BB1F3DCC181D148961 /* Pods-Video_Player.debug.xcconfig */;
			buildSettings = {
				ASSETCATALOG_COMPILER_APPICON_NAME = AppIcon;
				CODE_SIGN_STYLE = Automatic;
				DEVELOPMENT_TEAM = DTTYHBEAZE;
				INFOPLIST_FILE = Video_Player/Info.plist;
				IPHONEOS_DEPLOYMENT_TARGET = 10.2;
				LD_RUNPATH_SEARCH_PATHS = "$(inherited) @executable_path/Frameworks";
				PRODUCT_BUNDLE_IDENTIFIER = "com.xleeif00.Video-Player";
				PRODUCT_NAME = "$(TARGET_NAME)";
				SWIFT_VERSION = 4.0;
				TARGETED_DEVICE_FAMILY = "1,2";
			};
			name = Debug;
		};
		876A31562011B8DB00FD6231 /* Release */ = {
			isa = XCBuildConfiguration;
			baseConfigurationReference = 8A475646EC9CB27BA071D881 /* Pods-Video_Player.release.xcconfig */;
			buildSettings = {
				ASSETCATALOG_COMPILER_APPICON_NAME = AppIcon;
				CODE_SIGN_STYLE = Automatic;
				DEVELOPMENT_TEAM = DTTYHBEAZE;
				INFOPLIST_FILE = Video_Player/Info.plist;
				IPHONEOS_DEPLOYMENT_TARGET = 10.2;
				LD_RUNPATH_SEARCH_PATHS = "$(inherited) @executable_path/Frameworks";
				PRODUCT_BUNDLE_IDENTIFIER = "com.xleeif00.Video-Player";
				PRODUCT_NAME = "$(TARGET_NAME)";
				SWIFT_VERSION = 4.0;
				TARGETED_DEVICE_FAMILY = "1,2";
			};
			name = Release;
		};
/* End XCBuildConfiguration section */

/* Begin XCConfigurationList section */
		876A313D2011B8DA00FD6231 /* Build configuration list for PBXProject "Video_Player" */ = {
			isa = XCConfigurationList;
			buildConfigurations = (
				876A31522011B8DB00FD6231 /* Debug */,
				876A31532011B8DB00FD6231 /* Release */,
			);
			defaultConfigurationIsVisible = 0;
			defaultConfigurationName = Release;
		};
		876A31542011B8DB00FD6231 /* Build configuration list for PBXNativeTarget "Video_Player" */ = {
			isa = XCConfigurationList;
			buildConfigurations = (
				876A31552011B8DB00FD6231 /* Debug */,
				876A31562011B8DB00FD6231 /* Release */,
			);
			defaultConfigurationIsVisible = 0;
			defaultConfigurationName = Release;
		};
/* End XCConfigurationList section */
	};
	rootObject = 876A313A2011B8DA00FD6231 /* Project object */;
}
